
Microsoft Visual Studio Solution File, Format Version 12.00
# Visual Studio 2012
Project("{FAE04EC0-301F-11D3-BF4B-00C04F79EFBC}") = "Gagagu VR Streamer Server", "Gagagu VR Streamer Server\Gagagu VR Streamer Server.csproj", "{F8181BFA-A186-4975-9282-B0855AAD9D76}"
EndProject
Project("{6141683F-8A12-4E36-9623-2EB02B2C2303}") = "Setup5", "Setup5\Setup5.isproj", "{5D6C5C07-75F8-422C-83A2-DD7CF00075CB}"
	ProjectSection(ProjectDependencies) = postProject
		{F8181BFA-A186-4975-9282-B0855AAD9D76} = {F8181BFA-A186-4975-9282-B0855AAD9D76}
	EndProjectSection
EndProject
Project("{2150E333-8FDC-42A3-9474-1A3956D46DE8}") = ".nuget", ".nuget", "{C9C2CA53-438D-477A-8D20-770283D01084}"
EndProject
Global
	GlobalSection(SolutionConfigurationPlatforms) = preSolution
		CD_ROM|Any CPU = CD_ROM|Any CPU
		CD_ROM|x64 = CD_ROM|x64
		CD_ROM|x86 = CD_ROM|x86
		Debug|Any CPU = Debug|Any CPU
		Debug|x64 = Debug|x64
		Debug|x86 = Debug|x86
		DVD-5|Any CPU = DVD-5|Any CPU
		DVD-5|x64 = DVD-5|x64
		DVD-5|x86 = DVD-5|x86
		Release|Any CPU = Release|Any CPU
		Release|x64 = Release|x64
		Release|x86 = Release|x86
		SingleImage|Any CPU = SingleImage|Any CPU
		SingleImage|x64 = SingleImage|x64
		SingleImage|x86 = SingleImage|x86
	EndGlobalSection
	GlobalSection(ProjectConfigurationPlatforms) = postSolution
		{F8181BFA-A186-4975-9282-B0855AAD9D76}.CD_ROM|Any CPU.ActiveCfg = Release|Any CPU
		{F8181BFA-A186-4975-9282-B0855AAD9D76}.CD_ROM|Any CPU.Build.0 = Release|Any CPU
		{F8181BFA-A186-4975-9282-B0855AAD9D76}.CD_ROM|x64.ActiveCfg = Release|x64
		{F8181BFA-A186-4975-9282-B0855AAD9D76}.CD_ROM|x64.Build.0 = Release|x64
		{F8181BFA-A186-4975-9282-B0855AAD9D76}.CD_ROM|x86.ActiveCfg = Release|x86
		{F8181BFA-A186-4975-9282-B0855AAD9D76}.CD_ROM|x86.Build.0 = Release|x86
		{F8181BFA-A186-4975-9282-B0855AAD9D76}.Debug|Any CPU.ActiveCfg = Debug|x86
		{F8181BFA-A186-4975-9282-B0855AAD9D76}.Debug|Any CPU.Build.0 = Debug|x86
		{F8181BFA-A186-4975-9282-B0855AAD9D76}.Debug|x64.ActiveCfg = Debug|x64
		{F8181BFA-A186-4975-9282-B0855AAD9D76}.Debug|x64.Build.0 = Debug|x64
		{F8181BFA-A186-4975-9282-B0855AAD9D76}.Debug|x86.ActiveCfg = Debug|x86
		{F8181BFA-A186-4975-9282-B0855AAD9D76}.Debug|x86.Build.0 = Debug|x86
		{F8181BFA-A186-4975-9282-B0855AAD9D76}.DVD-5|Any CPU.ActiveCfg = Debug|Any CPU
		{F8181BFA-A186-4975-9282-B0855AAD9D76}.DVD-5|Any CPU.Build.0 = Debug|Any CPU
		{F8181BFA-A186-4975-9282-B0855AAD9D76}.DVD-5|x64.ActiveCfg = Debug|x64
		{F8181BFA-A186-4975-9282-B0855AAD9D76}.DVD-5|x64.Build.0 = Debug|x64
		{F8181BFA-A186-4975-9282-B0855AAD9D76}.DVD-5|x86.ActiveCfg = Debug|x86
		{F8181BFA-A186-4975-9282-B0855AAD9D76}.DVD-5|x86.Build.0 = Debug|x86
		{F8181BFA-A186-4975-9282-B0855AAD9D76}.Release|Any CPU.ActiveCfg = Release|Any CPU
		{F8181BFA-A186-4975-9282-B0855AAD9D76}.Release|Any CPU.Build.0 = Release|Any CPU
		{F8181BFA-A186-4975-9282-B0855AAD9D76}.Release|x64.ActiveCfg = Release|x64
		{F8181BFA-A186-4975-9282-B0855AAD9D76}.Release|x64.Build.0 = Release|x64
		{F8181BFA-A186-4975-9282-B0855AAD9D76}.Release|x86.ActiveCfg = Release|x86
		{F8181BFA-A186-4975-9282-B0855AAD9D76}.Release|x86.Build.0 = Release|x86
		{F8181BFA-A186-4975-9282-B0855AAD9D76}.SingleImage|Any CPU.ActiveCfg = Release|Any CPU
		{F8181BFA-A186-4975-9282-B0855AAD9D76}.SingleImage|Any CPU.Build.0 = Release|Any CPU
		{F8181BFA-A186-4975-9282-B0855AAD9D76}.SingleImage|x64.ActiveCfg = Release|x64
		{F8181BFA-A186-4975-9282-B0855AAD9D76}.SingleImage|x64.Build.0 = Release|x64
		{F8181BFA-A186-4975-9282-B0855AAD9D76}.SingleImage|x86.ActiveCfg = Release|x86
		{F8181BFA-A186-4975-9282-B0855AAD9D76}.SingleImage|x86.Build.0 = Release|x86
		{5D6C5C07-75F8-422C-83A2-DD7CF00075CB}.CD_ROM|Any CPU.ActiveCfg = CD_ROM
		{5D6C5C07-75F8-422C-83A2-DD7CF00075CB}.CD_ROM|Any CPU.Build.0 = CD_ROM
		{5D6C5C07-75F8-422C-83A2-DD7CF00075CB}.CD_ROM|x64.ActiveCfg = CD_ROM
		{5D6C5C07-75F8-422C-83A2-DD7CF00075CB}.CD_ROM|x64.Build.0 = CD_ROM
		{5D6C5C07-75F8-422C-83A2-DD7CF00075CB}.CD_ROM|x86.ActiveCfg = CD_ROM
		{5D6C5C07-75F8-422C-83A2-DD7CF00075CB}.CD_ROM|x86.Build.0 = CD_ROM
		{5D6C5C07-75F8-422C-83A2-DD7CF00075CB}.Debug|Any CPU.ActiveCfg = SingleImage
		{5D6C5C07-75F8-422C-83A2-DD7CF00075CB}.Debug|x64.ActiveCfg = DVD-5
		{5D6C5C07-75F8-422C-83A2-DD7CF00075CB}.Debug|x64.Build.0 = DVD-5
		{5D6C5C07-75F8-422C-83A2-DD7CF00075CB}.Debug|x86.ActiveCfg = DVD-5
		{5D6C5C07-75F8-422C-83A2-DD7CF00075CB}.Debug|x86.Build.0 = DVD-5
		{5D6C5C07-75F8-422C-83A2-DD7CF00075CB}.DVD-5|Any CPU.ActiveCfg = DVD-5
		{5D6C5C07-75F8-422C-83A2-DD7CF00075CB}.DVD-5|Any CPU.Build.0 = DVD-5
		{5D6C5C07-75F8-422C-83A2-DD7CF00075CB}.DVD-5|x64.ActiveCfg = DVD-5
		{5D6C5C07-75F8-422C-83A2-DD7CF00075CB}.DVD-5|x64.Build.0 = DVD-5
		{5D6C5C07-75F8-422C-83A2-DD7CF00075CB}.DVD-5|x86.ActiveCfg = DVD-5
		{5D6C5C07-75F8-422C-83A2-DD7CF00075CB}.DVD-5|x86.Build.0 = DVD-5
		{5D6C5C07-75F8-422C-83A2-DD7CF00075CB}.Release|Any CPU.ActiveCfg = SingleImage
		{5D6C5C07-75F8-422C-83A2-DD7CF00075CB}.Release|Any CPU.Build.0 = SingleImage
		{5D6C5C07-75F8-422C-83A2-DD7CF00075CB}.Release|x64.ActiveCfg = DVD-5
		{5D6C5C07-75F8-422C-83A2-DD7CF00075CB}.Release|x64.Build.0 = DVD-5
		{5D6C5C07-75F8-422C-83A2-DD7CF00075CB}.Release|x86.ActiveCfg = DVD-5
		{5D6C5C07-75F8-422C-83A2-DD7CF00075CB}.Release|x86.Build.0 = DVD-5
		{5D6C5C07-75F8-422C-83A2-DD7CF00075CB}.SingleImage|Any CPU.ActiveCfg = SingleImage
		{5D6C5C07-75F8-422C-83A2-DD7CF00075CB}.SingleImage|Any CPU.Build.0 = SingleImage
		{5D6C5C07-75F8-422C-83A2-DD7CF00075CB}.SingleImage|x64.ActiveCfg = SingleImage
		{5D6C5C07-75F8-422C-83A2-DD7CF00075CB}.SingleImage|x64.Build.0 = SingleImage
		{5D6C5C07-75F8-422C-83A2-DD7CF00075CB}.SingleImage|x86.ActiveCfg = SingleImage
		{5D6C5C07-75F8-422C-83A2-DD7CF00075CB}.SingleImage|x86.Build.0 = SingleImage
	EndGlobalSection
	GlobalSection(SolutionProperties) = preSolution
		HideSolutionNode = FALSE
	EndGlobalSection
EndGlobal
